
Microsoft Visual Studio Solution File, Format Version 12.00
# Visual Studio 14
VisualStudioVersion = 14.0.25420.1
MinimumVisualStudioVersion = 10.0.40219.1
Project("{FAE04EC0-301F-11D3-BF4B-00C04F79EFBC}") = "kongfu", "kongfu\kongfu.csproj", "{802D1307-15A4-4991-B45A-57F8AE4D4017}"
EndProject
Global
	GlobalSection(SolutionConfigurationPlatforms) = preSolution
		Debug|Any CPU = Debug|Any CPU
		Debug|x86 = Debug|x86
		Release|Any CPU = Release|Any CPU
		Release|x86 = Release|x86
	EndGlobalSection
	GlobalSection(ProjectConfigurationPlatforms) = postSolution
		{802D1307-15A4-4991-B45A-57F8AE4D4017}.Debug|Any CPU.ActiveCfg = Debug|Any CPU
		{802D1307-15A4-4991-B45A-57F8AE4D4017}.Debug|Any CPU.Build.0 = Debug|Any CPU
		{802D1307-15A4-4991-B45A-57F8AE4D4017}.Debug|x86.ActiveCfg = Debug|x86
		{802D1307-15A4-4991-B45A-57F8AE4D4017}.Debug|x86.Build.0 = Debug|x86
		{802D1307-15A4-4991-B45A-57F8AE4D4017}.Release|Any CPU.ActiveCfg = Release|Any CPU
		{802D1307-15A4-4991-B45A-57F8AE4D4017}.Release|Any CPU.Build.0 = Release|Any CPU
		{802D1307-15A4-4991-B45A-57F8AE4D4017}.Release|x86.ActiveCfg = Release|x86
		{802D1307-15A4-4991-B45A-57F8AE4D4017}.Release|x86.Build.0 = Release|x86
	EndGlobalSection
	GlobalSection(SolutionProperties) = preSolution
		HideSolutionNode = FALSE
	EndGlobalSection
	GlobalSection(ExtensibilityGlobals) = postSolution
		SolutionGuid = {99AA2AF9-A77C-415C-8C56-BDFD0E89A9E6}
	EndGlobalSection
EndGlobal
